# @generated - this file is auto-generated by `mise lock` https://mise.jdx.dev/dev-tools/mise-lock.html

[[tools."http:spriggit-cli"]]
version = "0.41.0"
backend = "http:spriggit-cli"

[tools."http:spriggit-cli"."platforms.linux-arm64"]
checksum = "sha256:9b1088eed09f3b6b9d30a40b3b0545cea4c84c3f821b512590a60819f6916529"
url = "https://github.com/Mutagen-Modding/Spriggit/releases/download/0.41.0/SpriggitCLI.zip"

[tools."http:spriggit-cli"."platforms.linux-arm64-musl"]
checksum = "sha256:9b1088eed09f3b6b9d30a40b3b0545cea4c84c3f821b512590a60819f6916529"
url = "https://github.com/Mutagen-Modding/Spriggit/releases/download/0.41.0/SpriggitCLI.zip"

[tools."http:spriggit-cli"."platforms.linux-x64"]
checksum = "sha256:9b1088eed09f3b6b9d30a40b3b0545cea4c84c3f821b512590a60819f6916529"
url = "https://github.com/Mutagen-Modding/Spriggit/releases/download/0.41.0/SpriggitCLI.zip"

[tools."http:spriggit-cli"."platforms.linux-x64-musl"]
checksum = "sha256:9b1088eed09f3b6b9d30a40b3b0545cea4c84c3f821b512590a60819f6916529"
url = "https://github.com/Mutagen-Modding/Spriggit/releases/download/0.41.0/SpriggitCLI.zip"

[tools."http:spriggit-cli"."platforms.macos-arm64"]
checksum = "sha256:9b1088eed09f3b6b9d30a40b3b0545cea4c84c3f821b512590a60819f6916529"
url = "https://github.com/Mutagen-Modding/Spriggit/releases/download/0.41.0/SpriggitCLI.zip"

[tools."http:spriggit-cli"."platforms.macos-x64"]
checksum = "sha256:9b1088eed09f3b6b9d30a40b3b0545cea4c84c3f821b512590a60819f6916529"
url = "https://github.com/Mutagen-Modding/Spriggit/releases/download/0.41.0/SpriggitCLI.zip"

[tools."http:spriggit-cli"."platforms.windows-x64"]
checksum = "sha256:9b1088eed09f3b6b9d30a40b3b0545cea4c84c3f821b512590a60819f6916529"
url = "https://github.com/Mutagen-Modding/Spriggit/releases/download/0.41.0/SpriggitCLI.zip"
